
Microsoft Visual Studio Solution File, Format Version 12.00
# Visual Studio Version 17
VisualStudioVersion = 17.8.34330.188
MinimumVisualStudioVersion = 10.0.40219.1
Project("{FAE04EC0-301F-11D3-BF4B-00C04F79EFBC}") = "UdemyPortfolio", "UdemyPortfolio\UdemyPortfolio.csproj", "{86B3AC3A-AAA6-47E8-8743-B7B9C6E33CDF}"
EndProject
Global
	GlobalSection(SolutionConfigurationPlatforms) = preSolution
		Debug|Any CPU = Debug|Any CPU
		Release|Any CPU = Release|Any CPU
	EndGlobalSection
	GlobalSection(ProjectConfigurationPlatforms) = postSolution
		{86B3AC3A-AAA6-47E8-8743-B7B9C6E33CDF}.Debug|Any CPU.ActiveCfg = Debug|Any CPU
		{86B3AC3A-AAA6-47E8-8743-B7B9C6E33CDF}.Debug|Any CPU.Build.0 = Debug|Any CPU
		{86B3AC3A-AAA6-47E8-8743-B7B9C6E33CDF}.Release|Any CPU.ActiveCfg = Release|Any CPU
		{86B3AC3A-AAA6-47E8-8743-B7B9C6E33CDF}.Release|Any CPU.Build.0 = Release|Any CPU
	EndGlobalSection
	GlobalSection(SolutionProperties) = preSolution
		HideSolutionNode = FALSE
	EndGlobalSection
	GlobalSection(ExtensibilityGlobals) = postSolution
		SolutionGuid = {6954CD7E-534E-4EE1-AF8F-A42F143879C5}
	EndGlobalSection
EndGlobal
